
Microsoft Visual Studio Solution File, Format Version 12.00
# Visual Studio Version 17
VisualStudioVersion = 17.2.32519.379
MinimumVisualStudioVersion = 10.0.40219.1
Project("{9A19103F-16F7-4668-BE54-9A1E7A4F7556}") = "CursoMVC", "CursoMVC\CursoMVC.csproj", "{6782B079-26DC-475E-99C5-AAE55249C674}"
EndProject
Project("{9A19103F-16F7-4668-BE54-9A1E7A4F7556}") = "CursoAPI", "CursoAPI\CursoAPI.csproj", "{FAD02A28-15B4-4867-92A9-DD8CFFA45AC5}"
EndProject
Project("{FAE04EC0-301F-11D3-BF4B-00C04F79EFBC}") = "CursoTest", "CursoTest\CursoTest.csproj", "{7B74E0D5-761A-4AC9-8ED0-AD34E5658348}"
EndProject
Global
	GlobalSection(SolutionConfigurationPlatforms) = preSolution
		Debug|Any CPU = Debug|Any CPU
		Release|Any CPU = Release|Any CPU
	EndGlobalSection
	GlobalSection(ProjectConfigurationPlatforms) = postSolution
		{6782B079-26DC-475E-99C5-AAE55249C674}.Debug|Any CPU.ActiveCfg = Debug|Any CPU
		{6782B079-26DC-475E-99C5-AAE55249C674}.Debug|Any CPU.Build.0 = Debug|Any CPU
		{6782B079-26DC-475E-99C5-AAE55249C674}.Release|Any CPU.ActiveCfg = Release|Any CPU
		{6782B079-26DC-475E-99C5-AAE55249C674}.Release|Any CPU.Build.0 = Release|Any CPU
		{FAD02A28-15B4-4867-92A9-DD8CFFA45AC5}.Debug|Any CPU.ActiveCfg = Debug|Any CPU
		{FAD02A28-15B4-4867-92A9-DD8CFFA45AC5}.Debug|Any CPU.Build.0 = Debug|Any CPU
		{FAD02A28-15B4-4867-92A9-DD8CFFA45AC5}.Release|Any CPU.ActiveCfg = Release|Any CPU
		{FAD02A28-15B4-4867-92A9-DD8CFFA45AC5}.Release|Any CPU.Build.0 = Release|Any CPU
		{7B74E0D5-761A-4AC9-8ED0-AD34E5658348}.Debug|Any CPU.ActiveCfg = Debug|Any CPU
		{7B74E0D5-761A-4AC9-8ED0-AD34E5658348}.Debug|Any CPU.Build.0 = Debug|Any CPU
		{7B74E0D5-761A-4AC9-8ED0-AD34E5658348}.Release|Any CPU.ActiveCfg = Release|Any CPU
		{7B74E0D5-761A-4AC9-8ED0-AD34E5658348}.Release|Any CPU.Build.0 = Release|Any CPU
	EndGlobalSection
	GlobalSection(SolutionProperties) = preSolution
		HideSolutionNode = FALSE
	EndGlobalSection
	GlobalSection(ExtensibilityGlobals) = postSolution
		SolutionGuid = {30E536C3-E5E0-4379-BCAD-4FE3F68DCBB8}
	EndGlobalSection
EndGlobal
